
Microsoft Visual Studio Solution File, Format Version 12.00
# Visual Studio Version 17
VisualStudioVersion = 17.4.33205.214
MinimumVisualStudioVersion = 10.0.40219.1
Project("{FAE04EC0-301F-11D3-BF4B-00C04F79EFBC}") = "BeatLyrics", "BeatLyrics.csproj", "{891AA1D9-CD08-4C7D-A4B9-9632DEE841FC}"
EndProject
Global
	GlobalSection(SolutionConfigurationPlatforms) = preSolution
		Debug|Any CPU = Debug|Any CPU
		Release|Any CPU = Release|Any CPU
	EndGlobalSection
	GlobalSection(ProjectConfigurationPlatforms) = postSolution
		{891AA1D9-CD08-4C7D-A4B9-9632DEE841FC}.Debug|Any CPU.ActiveCfg = Debug|Any CPU
		{891AA1D9-CD08-4C7D-A4B9-9632DEE841FC}.Debug|Any CPU.Build.0 = Debug|Any CPU
		{891AA1D9-CD08-4C7D-A4B9-9632DEE841FC}.Release|Any CPU.ActiveCfg = Release|Any CPU
		{891AA1D9-CD08-4C7D-A4B9-9632DEE841FC}.Release|Any CPU.Build.0 = Release|Any CPU
	EndGlobalSection
	GlobalSection(SolutionProperties) = preSolution
		HideSolutionNode = FALSE
	EndGlobalSection
	GlobalSection(ExtensibilityGlobals) = postSolution
		SolutionGuid = {2DD5881D-70E3-4076-9A13-00E476952427}
	EndGlobalSection
EndGlobal
